<?xml version="1.0" encoding="utf-8"?>
<Project ToolsVersion="4.0" xmlns="http://schemas.microsoft.com/developer/msbuild/2003">
  <ItemGroup>
    <Filter Include="Source Files">
      <UniqueIdentifier>{4FC737F1-C7A5-4376-A066-2A32D752A2FF}</UniqueIdentifier>
      <Extensions>cpp;c;cc;cxx;c++;cppm;ixx;def;odl;idl;hpj;bat;asm;asmx</Extensions>
    </Filter>
    <Filter Include="Header Files">
      <UniqueIdentifier>{93995380-89BD-4b04-88EB-625FBE52EBFB}</UniqueIdentifier>
      <Extensions>h;hh;hpp;hxx;h++;hm;inl;inc;ipp;xsd</Extensions>
    </Filter>
    <Filter Include="Resource Files">
      <UniqueIdentifier>{67DA6AB6-F800-4c08-8B7A-83BB121AAD01}</UniqueIdentifier>
      <Extensions>rc;ico;cur;bmp;dlg;rc2;rct;bin;rgs;gif;jpg;jpeg;jpe;resx;tiff;tif;png;wav;mfcribbon-ms</Extensions>
    </Filter>
    <Filter Include="Converters">
      <UniqueIdentifier>{F9A5E3C6-B8D7-4E2A-9F1B-C3E4D5F6A7B8}</UniqueIdentifier>
    </Filter>
    <Filter Include="Animation System">
      <UniqueIdentifier>{A1B2C3D4-E5F6-7890-ABCD-EF1234567890}</UniqueIdentifier>
    </Filter>
  </ItemGroup>
  <ItemGroup>
    <ClInclude Include="stdafx.h">
      <Filter>Header Files</Filter>
    </ClInclude>
    <ClInclude Include="AnimationConverter.h">
      <Filter>Header Files</Filter>
    </ClInclude>
    <ClInclude Include="OGFConverter.h">
      <Filter>Converters</Filter>
    </ClInclude>
    <ClInclude Include="OzzAnimationSystem.h">
      <Filter>Animation System</Filter>
    </ClInclude>
    <ClInclude Include="OzzKinematicsAnimated.h">
      <Filter>Animation System</Filter>
    </ClInclude>
    <ClInclude Include="tests\test_ozz_basic.h">
      <Filter>Header Files</Filter>
    </ClInclude>
    <ClInclude Include="xrAnimation.h">
      <Filter>Header Files</Filter>
    </ClInclude>
    <ClInclude Include="OMFConverter.h">
      <Filter>Converters</Filter>
    </ClInclude>
  </ItemGroup>
  <ItemGroup>
    <ClCompile Include="stdafx.cpp">
      <Filter>Source Files</Filter>
    </ClCompile>
    <ClCompile Include="AnimationConverter.cpp">
      <Filter>Source Files</Filter>
    </ClCompile>
    <ClCompile Include="OGFConverter.cpp">
      <Filter>Converters</Filter>
    </ClCompile>
    <ClCompile Include="OzzAnimationSystem.cpp">
      <Filter>Animation System</Filter>
    </ClCompile>
    <ClCompile Include="OzzKinematicsAnimated.cpp">
      <Filter>Animation System</Filter>
    </ClCompile>
    <ClCompile Include="tests\test_ozz_basic.cpp">
      <Filter>Source Files</Filter>
    </ClCompile>
    <ClCompile Include="xrAnimation.cpp">
      <Filter>Source Files</Filter>
    </ClCompile>
    <ClCompile Include="OMFConverter.cpp">
      <Filter>Converters</Filter>
    </ClCompile>
  </ItemGroup>
  <ItemGroup>
    <None Include="packages.config" />
  </ItemGroup>
</Project>